lockfileVersion: '6.0'

settings:
  autoInstallPeers: true
  excludeLinksFromLockfile: false

devDependencies:
  git-cz:
    specifier: ^4.9.0
    version: 4.9.0
  lefthook:
    specifier: ^1.6.10
    version: 1.6.10

packages:

  /git-cz@4.9.0:
    resolution: {integrity: sha512-cSRL8IIOXU7UFLdbziCYqg8f8InwLwqHezkiRHNSph7oZqGv0togId1kMTfKil6gzK0VaSXeVBb4oDl0fQCHiw==}
    hasBin: true
    dev: true

  /lefthook-darwin-arm64@1.6.10:
    resolution: {integrity: sha512-Hh11OkoKG7FEOByS1dcgNV7ETq45VmwBbw0VPTiBznyfOG4k+pi0fIdc1qbmbxvYqNE0r420QR/Q3bimaa4Kxg==}
    cpu: [arm64]
    os: [darwin]
    requiresBuild: true
    dev: true
    optional: true

  /lefthook-darwin-x64@1.6.10:
    resolution: {integrity: sha512-FiOB0t5OBcQ8OnG/LSdfUYj736SJdlLjWuOZ4wTlJ7EUrHditieap6VNAxwMmFVyQN0X2ZwKWytwY35y+Hflhw==}
    cpu: [x64]
    os: [darwin]
    requiresBuild: true
    dev: true
    optional: true

  /lefthook-freebsd-arm64@1.6.10:
    resolution: {integrity: sha512-IxGgS3RrNwk3Kr83o5SQhGxqppQi7fu2t//nsp6ocgnJeStrTtXZJOrel2VohzrFxpzQdJVXBGgUGLXtY8t8qw==}
    cpu: [arm64]
    os: [freebsd]
    requiresBuild: true
    dev: true
    optional: true

  /lefthook-freebsd-x64@1.6.10:
    resolution: {integrity: sha512-sFSe+dGLa4iBblWAhAGTP9moarcbFtFAH6aaCeyqSX51O6p9VPdGjqNtcE8aGbGAk4lO6v1ScRjk5ogMSinJwQ==}
    cpu: [x64]
    os: [freebsd]
    requiresBuild: true
    dev: true
    optional: true

  /lefthook-linux-arm64@1.6.10:
    resolution: {integrity: sha512-fXnKiNdRIW+FRvc1keVrvWX5EqIhVFfPjcy+PbsKdxiWRXgjtidi6LPmQ8eosH0DC9PxZ0mpdCMf40FHEZLbQA==}
    cpu: [arm64]
    os: [linux]
    requiresBuild: true
    dev: true
    optional: true

  /lefthook-linux-x64@1.6.10:
    resolution: {integrity: sha512-bm6l2GOFnmYreZxmHb47QeOiFAItttOOxvCEX1okIRD7JbUC+lGC9evW5GJv/ltjZBoTDYEtQAUa+BpHTGuY2A==}
    cpu: [x64]
    os: [linux]
    requiresBuild: true
    dev: true
    optional: true

  /lefthook-windows-arm64@1.6.10:
    resolution: {integrity: sha512-pFxT8KbOMzGxj6cz4glHYwQSNC7XCuy9RDqIO0AxPlpATsCpapkF4ngDxBT1iFv2VhdeweMa7RXUDsMAGQA4Qw==}
    cpu: [arm64]
    os: [win32]
    requiresBuild: true
    dev: true
    optional: true

  /lefthook-windows-x64@1.6.10:
    resolution: {integrity: sha512-fcDnUSTv95AdLvm0NIrn3jBWXuRq8SlbDDjkkB5OHLiSmjz4eOr6wyD7xceDp33zZgZmWFzHebJngxxcIaUuHw==}
    cpu: [x64]
    os: [win32]
    requiresBuild: true
    dev: true
    optional: true

  /lefthook@1.6.10:
    resolution: {integrity: sha512-HeVjsDCrHLe9htQHbLuQJu2YdLK6Tl5bh36fOpmXqckEXTI0BDR0Y5JYc7G5Inj4YXQsc51a9dUDZMeniSnSag==}
    hasBin: true
    requiresBuild: true
    optionalDependencies:
      lefthook-darwin-arm64: 1.6.10
      lefthook-darwin-x64: 1.6.10
      lefthook-freebsd-arm64: 1.6.10
      lefthook-freebsd-x64: 1.6.10
      lefthook-linux-arm64: 1.6.10
      lefthook-linux-x64: 1.6.10
      lefthook-windows-arm64: 1.6.10
      lefthook-windows-x64: 1.6.10
    dev: true
