lockfileVersion: '6.0'

settings:
  autoInstallPeers: true
  excludeLinksFromLockfile: false

devDependencies:
  git-cz:
    specifier: ^4.9.0
    version: 4.9.0
  lefthook:
    specifier: ^1.6.5
    version: 1.6.5

packages:

  /git-cz@4.9.0:
    resolution: {integrity: sha512-cSRL8IIOXU7UFLdbziCYqg8f8InwLwqHezkiRHNSph7oZqGv0togId1kMTfKil6gzK0VaSXeVBb4oDl0fQCHiw==}
    hasBin: true
    dev: true

  /lefthook-darwin-arm64@1.6.5:
    resolution: {integrity: sha512-6x07sbjcJymSoTum8gbR9DVkDlA/3io1bSLNDbHk1UwJ5syPjp0JOQLW96KAuM/jxqnOWX2HUqLD0uQPrZDl8g==}
    cpu: [arm64]
    os: [darwin]
    requiresBuild: true
    dev: true
    optional: true

  /lefthook-darwin-x64@1.6.5:
    resolution: {integrity: sha512-NWLNo4MoXAuYmX9Za/rP4aXavRUBWXyK/qO3VcmTolq436FhH/+obh1L21XxuH/zS4OrSuPXKd8Il1K8Pol2uw==}
    cpu: [x64]
    os: [darwin]
    requiresBuild: true
    dev: true
    optional: true

  /lefthook-freebsd-arm64@1.6.5:
    resolution: {integrity: sha512-txORmAC7kayl5h60pqNh3uOM9rQ1LLp+VF2aCo24EzFsicehWqkTeIgJef3LaFOgLKEnMqyGkvsSETyK9T5CqQ==}
    cpu: [arm64]
    os: [freebsd]
    requiresBuild: true
    dev: true
    optional: true

  /lefthook-freebsd-x64@1.6.5:
    resolution: {integrity: sha512-kYddavV/C9kJbCVWAO/W1HlzC8IVclw7XSoke3ulNsewxH+AMr+hYgcJjRyXAowP2z2T1LgbJAdmeTUP8sZQkA==}
    cpu: [x64]
    os: [freebsd]
    requiresBuild: true
    dev: true
    optional: true

  /lefthook-linux-arm64@1.6.5:
    resolution: {integrity: sha512-Aoqm0X7YGtt5xroHlVZ14JBC+LD2i3i47evBPPhhkn4MhJ6fFiVJcbB1SEkjqVqAdlBFR4L7aZGGyhHM03VCxg==}
    cpu: [arm64]
    os: [linux]
    requiresBuild: true
    dev: true
    optional: true

  /lefthook-linux-x64@1.6.5:
    resolution: {integrity: sha512-6jsj8XdaKEluVMlwjx45uDqgckmaeeP0lw6iq1FvvVKBSbPqIiraPJQ+9yAk6gavmtS1HbYCHU14bmMK6sCLVA==}
    cpu: [x64]
    os: [linux]
    requiresBuild: true
    dev: true
    optional: true

  /lefthook-windows-arm64@1.6.5:
    resolution: {integrity: sha512-2kp8XmHWjbmqlUy0T0Y4uWfLlpsj7YOjBzn43WapEV7F3qzu5f9TxAhXhSQ++NX0beTJB2hufAvc4AKKZJe8eA==}
    cpu: [arm64]
    os: [win32]
    requiresBuild: true
    dev: true
    optional: true

  /lefthook-windows-x64@1.6.5:
    resolution: {integrity: sha512-3Cm3eTXHhhu8ERHgYVzV2M6TIcthifnsHIDz53ZQvWAw7wEjQs9MR9sWLGcfsCM1yYBKB82HJAXfsgv8Lyq4cA==}
    cpu: [x64]
    os: [win32]
    requiresBuild: true
    dev: true
    optional: true

  /lefthook@1.6.5:
    resolution: {integrity: sha512-ugOWwg2/IJNjPb2OJZce7Ol82hHTPILsnht4C22Pcn86EGHNeJsFcWmaPQDCV5MPvTbcx44mX63WPmRgojxWyg==}
    hasBin: true
    requiresBuild: true
    optionalDependencies:
      lefthook-darwin-arm64: 1.6.5
      lefthook-darwin-x64: 1.6.5
      lefthook-freebsd-arm64: 1.6.5
      lefthook-freebsd-x64: 1.6.5
      lefthook-linux-arm64: 1.6.5
      lefthook-linux-x64: 1.6.5
      lefthook-windows-arm64: 1.6.5
      lefthook-windows-x64: 1.6.5
    dev: true
