lockfileVersion: '6.0'

settings:
  autoInstallPeers: true
  excludeLinksFromLockfile: false

devDependencies:
  git-cz:
    specifier: ^4.9.0
    version: 4.9.0
  lefthook:
    specifier: ^1.6.6
    version: 1.6.6

packages:

  /git-cz@4.9.0:
    resolution: {integrity: sha512-cSRL8IIOXU7UFLdbziCYqg8f8InwLwqHezkiRHNSph7oZqGv0togId1kMTfKil6gzK0VaSXeVBb4oDl0fQCHiw==}
    hasBin: true
    dev: true

  /lefthook-darwin-arm64@1.6.6:
    resolution: {integrity: sha512-BTpHxW5PTajG/e0xZHIagcz/ar460AUAqDUGC5Goqj7Q+pm5a8JUVbBvHXn9u+qdHsAqiKxcNrXqfIfzIKFFkg==}
    cpu: [arm64]
    os: [darwin]
    requiresBuild: true
    dev: true
    optional: true

  /lefthook-darwin-x64@1.6.6:
    resolution: {integrity: sha512-CiSA6SYG4QuLY3WRZijwiOMrg5AR14VEXvOEDYkmBQjsgxh38UCRyadnmLoDo2oIoravK9WNsjyGxiEWSMFvUQ==}
    cpu: [x64]
    os: [darwin]
    requiresBuild: true
    dev: true
    optional: true

  /lefthook-freebsd-arm64@1.6.6:
    resolution: {integrity: sha512-BWA1BxOqwcuS9BsHXvFyQQHz8mH9xIVGNKL2SuzTf7F07WNBwT3vo1BzVhSaWFJ+Kb2HZE4avNtp3bUXF3udDw==}
    cpu: [arm64]
    os: [freebsd]
    requiresBuild: true
    dev: true
    optional: true

  /lefthook-freebsd-x64@1.6.6:
    resolution: {integrity: sha512-OjkSuJGIDO4G6DOy/r/C5PE01OaHaLPYWQUQu8ovZUM49vJ3gWwRTiysh8bJZr9iUI1j64PU4SYuTapWshRxoQ==}
    cpu: [x64]
    os: [freebsd]
    requiresBuild: true
    dev: true
    optional: true

  /lefthook-linux-arm64@1.6.6:
    resolution: {integrity: sha512-AqTm72kE6A0PUrEHVMwhCM8ifULlv8d83uxaxfO2VgVlQnufcCThMxiiJJsapU3BSsmcaL7IEdMzi4ZzFn4QPA==}
    cpu: [arm64]
    os: [linux]
    requiresBuild: true
    dev: true
    optional: true

  /lefthook-linux-x64@1.6.6:
    resolution: {integrity: sha512-aSNsPTYcTa0H06etz5oZwoWqivykUZX1UJBClAICCr9rMQQTYX8OFVMXyJgHs8+0h7jgLdnBePUd62BKe9v3vA==}
    cpu: [x64]
    os: [linux]
    requiresBuild: true
    dev: true
    optional: true

  /lefthook-windows-arm64@1.6.6:
    resolution: {integrity: sha512-T0UmEFjHDPiKbNO4ZyshWCoPVEFBfQT7Die5uS0z7zpM8ICGkXOJL+30eGAyGgJ6n6As7xJaZZ0wavmbrzAuPw==}
    cpu: [arm64]
    os: [win32]
    requiresBuild: true
    dev: true
    optional: true

  /lefthook-windows-x64@1.6.6:
    resolution: {integrity: sha512-+NtYHdlmvEyDsdrNisVIwYOIcBqgrHVvyFMNsJnDRqlNamIE3IBdKNJEMo4Jk/Pp8ig7gaMkKNa5f3018Qm2lA==}
    cpu: [x64]
    os: [win32]
    requiresBuild: true
    dev: true
    optional: true

  /lefthook@1.6.6:
    resolution: {integrity: sha512-jHErmncwmcgESUHdnqvdjt9FggUGYI4P59bxBVwrhWLVFgfPNhkuY7NH0ngEU2yD1nmA+cqt/S/MuyeqwqafXg==}
    hasBin: true
    requiresBuild: true
    optionalDependencies:
      lefthook-darwin-arm64: 1.6.6
      lefthook-darwin-x64: 1.6.6
      lefthook-freebsd-arm64: 1.6.6
      lefthook-freebsd-x64: 1.6.6
      lefthook-linux-arm64: 1.6.6
      lefthook-linux-x64: 1.6.6
      lefthook-windows-arm64: 1.6.6
      lefthook-windows-x64: 1.6.6
    dev: true
